
Microsoft Visual Studio Solution File, Format Version 12.00
# Visual Studio Version 17
VisualStudioVersion = 17.3.32901.215
MinimumVisualStudioVersion = 10.0.40219.1
Project("{FAE04EC0-301F-11D3-BF4B-00C04F79EFBC}") = "WinFormsApp10", "WinFormsApp10\WinFormsApp10.csproj", "{9C4C8987-2D20-4D77-B46A-3A9D896C6698}"
EndProject
Global
	GlobalSection(SolutionConfigurationPlatforms) = preSolution
		Debug|Any CPU = Debug|Any CPU
		Release|Any CPU = Release|Any CPU
	EndGlobalSection
	GlobalSection(ProjectConfigurationPlatforms) = postSolution
		{9C4C8987-2D20-4D77-B46A-3A9D896C6698}.Debug|Any CPU.ActiveCfg = Debug|Any CPU
		{9C4C8987-2D20-4D77-B46A-3A9D896C6698}.Debug|Any CPU.Build.0 = Debug|Any CPU
		{9C4C8987-2D20-4D77-B46A-3A9D896C6698}.Release|Any CPU.ActiveCfg = Release|Any CPU
		{9C4C8987-2D20-4D77-B46A-3A9D896C6698}.Release|Any CPU.Build.0 = Release|Any CPU
	EndGlobalSection
	GlobalSection(SolutionProperties) = preSolution
		HideSolutionNode = FALSE
	EndGlobalSection
	GlobalSection(ExtensibilityGlobals) = postSolution
		SolutionGuid = {2B413F10-D382-461D-8C72-9DE93137BE5A}
	EndGlobalSection
EndGlobal
